
Microsoft Visual Studio Solution File, Format Version 12.00
# Visual Studio 15
VisualStudioVersion = 15.0.27703.2026
MinimumVisualStudioVersion = 10.0.40219.1
Project("{9A19103F-16F7-4668-BE54-9A1E7A4F7556}") = "Engaze.Core.MessageBroker.Producer", "Engaze.Core.MessageBroker\Engaze.Core.MessageBroker.Producer.csproj", "{47D9BCCA-3B9C-4115-B013-AC41C12EB347}"
EndProject
Project("{9A19103F-16F7-4668-BE54-9A1E7A4F7556}") = "Engaze.Core.MessageBroker.Test", "Engaze.Core.MessageBroker.Test\Engaze.Core.MessageBroker.Test.csproj", "{2095F912-933F-4473-B978-03962D6F5A4B}"
EndProject
Project("{9A19103F-16F7-4668-BE54-9A1E7A4F7556}") = "Engaze.Core.MessageBroker.Consumer", "Engaze.Core.MessageBroker.Consumer\Engaze.Core.MessageBroker.Consumer.csproj", "{7AFBB021-78A5-4386-8706-37D31D4AA428}"
EndProject
Project("{9A19103F-16F7-4668-BE54-9A1E7A4F7556}") = "Engaze.Core.Persistance.Cassandra", "Engaze.Core.Persistance.Cassandra\Engaze.Core.Persistance.Cassandra.csproj", "{6266B78D-AAB1-40F1-90BA-3ECF664FFA4F}"
EndProject
Project("{FAE04EC0-301F-11D3-BF4B-00C04F79EFBC}") = "Engaze.Core.Common", "Engaze.Core.Common\Engaze.Core.Common.csproj", "{A23B250F-E5A8-482A-BF8C-D5CBF974BFD2}"
EndProject
Global
	GlobalSection(SolutionConfigurationPlatforms) = preSolution
		Debug|Any CPU = Debug|Any CPU
		Release|Any CPU = Release|Any CPU
	EndGlobalSection
	GlobalSection(ProjectConfigurationPlatforms) = postSolution
		{47D9BCCA-3B9C-4115-B013-AC41C12EB347}.Debug|Any CPU.ActiveCfg = Debug|Any CPU
		{47D9BCCA-3B9C-4115-B013-AC41C12EB347}.Debug|Any CPU.Build.0 = Debug|Any CPU
		{47D9BCCA-3B9C-4115-B013-AC41C12EB347}.Release|Any CPU.ActiveCfg = Release|Any CPU
		{47D9BCCA-3B9C-4115-B013-AC41C12EB347}.Release|Any CPU.Build.0 = Release|Any CPU
		{2095F912-933F-4473-B978-03962D6F5A4B}.Debug|Any CPU.ActiveCfg = Debug|Any CPU
		{2095F912-933F-4473-B978-03962D6F5A4B}.Debug|Any CPU.Build.0 = Debug|Any CPU
		{2095F912-933F-4473-B978-03962D6F5A4B}.Release|Any CPU.ActiveCfg = Release|Any CPU
		{2095F912-933F-4473-B978-03962D6F5A4B}.Release|Any CPU.Build.0 = Release|Any CPU
		{7AFBB021-78A5-4386-8706-37D31D4AA428}.Debug|Any CPU.ActiveCfg = Debug|Any CPU
		{7AFBB021-78A5-4386-8706-37D31D4AA428}.Debug|Any CPU.Build.0 = Debug|Any CPU
		{7AFBB021-78A5-4386-8706-37D31D4AA428}.Release|Any CPU.ActiveCfg = Release|Any CPU
		{7AFBB021-78A5-4386-8706-37D31D4AA428}.Release|Any CPU.Build.0 = Release|Any CPU
		{6266B78D-AAB1-40F1-90BA-3ECF664FFA4F}.Debug|Any CPU.ActiveCfg = Debug|Any CPU
		{6266B78D-AAB1-40F1-90BA-3ECF664FFA4F}.Debug|Any CPU.Build.0 = Debug|Any CPU
		{6266B78D-AAB1-40F1-90BA-3ECF664FFA4F}.Release|Any CPU.ActiveCfg = Release|Any CPU
		{6266B78D-AAB1-40F1-90BA-3ECF664FFA4F}.Release|Any CPU.Build.0 = Release|Any CPU
		{A23B250F-E5A8-482A-BF8C-D5CBF974BFD2}.Debug|Any CPU.ActiveCfg = Debug|Any CPU
		{A23B250F-E5A8-482A-BF8C-D5CBF974BFD2}.Debug|Any CPU.Build.0 = Debug|Any CPU
		{A23B250F-E5A8-482A-BF8C-D5CBF974BFD2}.Release|Any CPU.ActiveCfg = Release|Any CPU
		{A23B250F-E5A8-482A-BF8C-D5CBF974BFD2}.Release|Any CPU.Build.0 = Release|Any CPU
	EndGlobalSection
	GlobalSection(SolutionProperties) = preSolution
		HideSolutionNode = FALSE
	EndGlobalSection
	GlobalSection(ExtensibilityGlobals) = postSolution
		SolutionGuid = {F3331788-1428-4B4E-99B0-271F8D4BA5ED}
	EndGlobalSection
EndGlobal
